{
  "pins" : [
    {
      "identity" : "keyboardshortcuts",
      "kind" : "remoteSourceControl",
      "location" : "https://github.com/sindresorhus/KeyboardShortcuts",
      "state" : {
        "revision" : "5e674337c13f9d0f8ff72d9d39ded08ce9bb7e34",
        "version" : "1.7.2"
      }
    },
    {
      "identity" : "sparkle",
      "kind" : "remoteSourceControl",
      "location" : "https://github.com/sparkle-project/Sparkle",
      "state" : {
        "revision" : "8e27997de02457a0c4690ffcfb8ac9c8e1066883",
        "version" : "2.2.2"
      }
    }
  ],
  "version" : 2
}
