// !$*UTF8*$!
{
	archiveVersion = 1;
	classes = {
	};
	objectVersion = 52;
	objects = {

/* Begin PBXBuildFile section */
		060A3EDF2518CE1A0040A44C /* GitimojiAutoLaunchHelper.app in CopyFiles */ = {isa = PBXBuildFile; fileRef = 06131F1B2518C9A6003159AA /* GitimojiAutoLaunchHelper.app */; settings = {ATTRIBUTES = (RemoveHeadersOnCopy, ); }; };
		0610A45E25E2EAD100B4E3D4 /* KeyboardShortcuts in Frameworks */ = {isa = PBXBuildFile; productRef = 0610A45D25E2EAD100B4E3D4 /* KeyboardShortcuts */; };
		0610A46425E2EB1600B4E3D4 /* Constants.swift in Sources */ = {isa = PBXBuildFile; fileRef = 0610A46325E2EB1600B4E3D4 /* Constants.swift */; };
		06131F1E2518C9A6003159AA /* AppDelegate.swift in Sources */ = {isa = PBXBuildFile; fileRef = 06131F1D2518C9A6003159AA /* AppDelegate.swift */; };
		06131F222518C9B3003159AA /* Assets.xcassets in Resources */ = {isa = PBXBuildFile; fileRef = 06131F212518C9B3003159AA /* Assets.xcassets */; };
		06131F252518C9B3003159AA /* Main.storyboard in Resources */ = {isa = PBXBuildFile; fileRef = 06131F232518C9B3003159AA /* Main.storyboard */; };
		0643B0E426765D8600358B31 /* Persistence.swift in Sources */ = {isa = PBXBuildFile; fileRef = 0643B0E326765D8600358B31 /* Persistence.swift */; };
		065828882518D61D000557C3 /* EmojiCodeButtonStyle.swift in Sources */ = {isa = PBXBuildFile; fileRef = 065828872518D61D000557C3 /* EmojiCodeButtonStyle.swift */; };
		0658288F2518D696000557C3 /* EmojiRow.swift in Sources */ = {isa = PBXBuildFile; fileRef = 0658288E2518D696000557C3 /* EmojiRow.swift */; };
		0658289D2518E082000557C3 /* ActivityIndicator.swift in Sources */ = {isa = PBXBuildFile; fileRef = 0658289C2518E082000557C3 /* ActivityIndicator.swift */; };
		0698525B28DE1E0A00AA42F5 /* Searcher.swift in Sources */ = {isa = PBXBuildFile; fileRef = 0698525A28DE1E0A00AA42F5 /* Searcher.swift */; };
		0698525D28DE1E1E00AA42F5 /* SmartSearchMatcher.swift in Sources */ = {isa = PBXBuildFile; fileRef = 0698525C28DE1E1E00AA42F5 /* SmartSearchMatcher.swift */; };
		0698526028DE1E5700AA42F5 /* FetchState.swift in Sources */ = {isa = PBXBuildFile; fileRef = 0698525F28DE1E5700AA42F5 /* FetchState.swift */; };
		0698526228DE227300AA42F5 /* GitmojiFetcher.swift in Sources */ = {isa = PBXBuildFile; fileRef = 0698526128DE227300AA42F5 /* GitmojiFetcher.swift */; };
		0698526428DE26F000AA42F5 /* NSManagedObjectContext+executeAndMergeChanges.swift in Sources */ = {isa = PBXBuildFile; fileRef = 0698526328DE26F000AA42F5 /* NSManagedObjectContext+executeAndMergeChanges.swift */; };
		069B9931276BC7AB00929ED9 /* Sparkle in Frameworks */ = {isa = PBXBuildFile; productRef = 069B9930276BC7AB00929ED9 /* Sparkle */; };
		069B9933276BC80700929ED9 /* Updater.swift in Sources */ = {isa = PBXBuildFile; fileRef = 069B9932276BC80700929ED9 /* Updater.swift */; };
		06C7402A251A6687000B6E0A /* SettingsView.swift in Sources */ = {isa = PBXBuildFile; fileRef = 06C74029251A6687000B6E0A /* SettingsView.swift */; };
		06DEE03825161C6B002D3605 /* AppDelegate.swift in Sources */ = {isa = PBXBuildFile; fileRef = 06DEE03725161C6B002D3605 /* AppDelegate.swift */; };
		06DEE03A25161C6B002D3605 /* ContentView.swift in Sources */ = {isa = PBXBuildFile; fileRef = 06DEE03925161C6B002D3605 /* ContentView.swift */; };
		06DEE03C25161C6D002D3605 /* Assets.xcassets in Resources */ = {isa = PBXBuildFile; fileRef = 06DEE03B25161C6D002D3605 /* Assets.xcassets */; };
		06DEE03F25161C6D002D3605 /* Preview Assets.xcassets in Resources */ = {isa = PBXBuildFile; fileRef = 06DEE03E25161C6D002D3605 /* Preview Assets.xcassets */; };
		06DEE04225161C6D002D3605 /* Main.storyboard in Resources */ = {isa = PBXBuildFile; fileRef = 06DEE04025161C6D002D3605 /* Main.storyboard */; };
		06DEE05925162E98002D3605 /* Pasteboard.swift in Sources */ = {isa = PBXBuildFile; fileRef = 06DEE05825162E98002D3605 /* Pasteboard.swift */; };
		06EAB16226764DA500B91BCE /* Networking.swift in Sources */ = {isa = PBXBuildFile; fileRef = 06EAB16126764DA500B91BCE /* Networking.swift */; };
		06EAB16526765BD500B91BCE /* gitimoji.xcdatamodeld in Sources */ = {isa = PBXBuildFile; fileRef = 06EAB16326765BD500B91BCE /* gitimoji.xcdatamodeld */; };
/* End PBXBuildFile section */

/* Begin PBXCopyFilesBuildPhase section */
		06131F2B2518CD6C003159AA /* CopyFiles */ = {
			isa = PBXCopyFilesBuildPhase;
			buildActionMask = 2147483647;
			dstPath = Contents/Library/LoginItems;
			dstSubfolderSpec = 1;
			files = (
				060A3EDF2518CE1A0040A44C /* GitimojiAutoLaunchHelper.app in CopyFiles */,
			);
			runOnlyForDeploymentPostprocessing = 0;
		};
/* End PBXCopyFilesBuildPhase section */

/* Begin PBXFileReference section */
		0610A46325E2EB1600B4E3D4 /* Constants.swift */ = {isa = PBXFileReference; lastKnownFileType = sourcecode.swift; path = Constants.swift; sourceTree = "<group>"; };
		06131F1B2518C9A6003159AA /* GitimojiAutoLaunchHelper.app */ = {isa = PBXFileReference; explicitFileType = wrapper.application; includeInIndex = 0; path = GitimojiAutoLaunchHelper.app; sourceTree = BUILT_PRODUCTS_DIR; };
		06131F1D2518C9A6003159AA /* AppDelegate.swift */ = {isa = PBXFileReference; lastKnownFileType = sourcecode.swift; path = AppDelegate.swift; sourceTree = "<group>"; };
		06131F212518C9B3003159AA /* Assets.xcassets */ = {isa = PBXFileReference; lastKnownFileType = folder.assetcatalog; path = Assets.xcassets; sourceTree = "<group>"; };
		06131F242518C9B3003159AA /* Base */ = {isa = PBXFileReference; lastKnownFileType = file.storyboard; name = Base; path = Base.lproj/Main.storyboard; sourceTree = "<group>"; };
		06131F262518C9B3003159AA /* Info.plist */ = {isa = PBXFileReference; lastKnownFileType = text.plist.xml; path = Info.plist; sourceTree = "<group>"; };
		06131F272518C9B3003159AA /* GitimojiAutoLaunchHelper.entitlements */ = {isa = PBXFileReference; lastKnownFileType = text.plist.entitlements; path = GitimojiAutoLaunchHelper.entitlements; sourceTree = "<group>"; };
		0643B0E326765D8600358B31 /* Persistence.swift */ = {isa = PBXFileReference; lastKnownFileType = sourcecode.swift; path = Persistence.swift; sourceTree = "<group>"; };
		065828872518D61D000557C3 /* EmojiCodeButtonStyle.swift */ = {isa = PBXFileReference; lastKnownFileType = sourcecode.swift; path = EmojiCodeButtonStyle.swift; sourceTree = "<group>"; };
		0658288E2518D696000557C3 /* EmojiRow.swift */ = {isa = PBXFileReference; lastKnownFileType = sourcecode.swift; path = EmojiRow.swift; sourceTree = "<group>"; };
		0658289C2518E082000557C3 /* ActivityIndicator.swift */ = {isa = PBXFileReference; lastKnownFileType = sourcecode.swift; path = ActivityIndicator.swift; sourceTree = "<group>"; };
		0698525A28DE1E0A00AA42F5 /* Searcher.swift */ = {isa = PBXFileReference; lastKnownFileType = sourcecode.swift; path = Searcher.swift; sourceTree = "<group>"; };
		0698525C28DE1E1E00AA42F5 /* SmartSearchMatcher.swift */ = {isa = PBXFileReference; lastKnownFileType = sourcecode.swift; path = SmartSearchMatcher.swift; sourceTree = "<group>"; };
		0698525F28DE1E5700AA42F5 /* FetchState.swift */ = {isa = PBXFileReference; lastKnownFileType = sourcecode.swift; path = FetchState.swift; sourceTree = "<group>"; };
		0698526128DE227300AA42F5 /* GitmojiFetcher.swift */ = {isa = PBXFileReference; lastKnownFileType = sourcecode.swift; path = GitmojiFetcher.swift; sourceTree = "<group>"; };
		0698526328DE26F000AA42F5 /* NSManagedObjectContext+executeAndMergeChanges.swift */ = {isa = PBXFileReference; lastKnownFileType = sourcecode.swift; path = "NSManagedObjectContext+executeAndMergeChanges.swift"; sourceTree = "<group>"; };
		069B9932276BC80700929ED9 /* Updater.swift */ = {isa = PBXFileReference; lastKnownFileType = sourcecode.swift; path = Updater.swift; sourceTree = "<group>"; };
		069B9935276BD12500929ED9 /* appcast.sh */ = {isa = PBXFileReference; lastKnownFileType = text.script.sh; path = appcast.sh; sourceTree = "<group>"; };
		069B9936276BDF7300929ED9 /* appcast.xml */ = {isa = PBXFileReference; lastKnownFileType = text.xml; path = appcast.xml; sourceTree = "<group>"; };
		06C74029251A6687000B6E0A /* SettingsView.swift */ = {isa = PBXFileReference; lastKnownFileType = sourcecode.swift; path = SettingsView.swift; sourceTree = "<group>"; };
		06DEE03425161C6B002D3605 /* gitimoji.app */ = {isa = PBXFileReference; explicitFileType = wrapper.application; includeInIndex = 0; path = gitimoji.app; sourceTree = BUILT_PRODUCTS_DIR; };
		06DEE03725161C6B002D3605 /* AppDelegate.swift */ = {isa = PBXFileReference; lastKnownFileType = sourcecode.swift; path = AppDelegate.swift; sourceTree = "<group>"; };
		06DEE03925161C6B002D3605 /* ContentView.swift */ = {isa = PBXFileReference; lastKnownFileType = sourcecode.swift; path = ContentView.swift; sourceTree = "<group>"; };
		06DEE03B25161C6D002D3605 /* Assets.xcassets */ = {isa = PBXFileReference; lastKnownFileType = folder.assetcatalog; path = Assets.xcassets; sourceTree = "<group>"; };
		06DEE03E25161C6D002D3605 /* Preview Assets.xcassets */ = {isa = PBXFileReference; lastKnownFileType = folder.assetcatalog; path = "Preview Assets.xcassets"; sourceTree = "<group>"; };
		06DEE04125161C6D002D3605 /* Base */ = {isa = PBXFileReference; lastKnownFileType = file.storyboard; name = Base; path = Base.lproj/Main.storyboard; sourceTree = "<group>"; };
		06DEE04325161C6D002D3605 /* Info.plist */ = {isa = PBXFileReference; lastKnownFileType = text.plist.xml; path = Info.plist; sourceTree = "<group>"; };
		06DEE04425161C6D002D3605 /* gitimoji.entitlements */ = {isa = PBXFileReference; lastKnownFileType = text.plist.entitlements; path = gitimoji.entitlements; sourceTree = "<group>"; };
		06DEE05825162E98002D3605 /* Pasteboard.swift */ = {isa = PBXFileReference; lastKnownFileType = sourcecode.swift; path = Pasteboard.swift; sourceTree = "<group>"; };
		06EAB16126764DA500B91BCE /* Networking.swift */ = {isa = PBXFileReference; lastKnownFileType = sourcecode.swift; path = Networking.swift; sourceTree = "<group>"; };
		06EAB16426765BD500B91BCE /* gitimoji.xcdatamodel */ = {isa = PBXFileReference; lastKnownFileType = wrapper.xcdatamodel; path = gitimoji.xcdatamodel; sourceTree = "<group>"; };
/* End PBXFileReference section */

/* Begin PBXFrameworksBuildPhase section */
		06131F182518C9A6003159AA /* Frameworks */ = {
			isa = PBXFrameworksBuildPhase;
			buildActionMask = 2147483647;
			files = (
			);
			runOnlyForDeploymentPostprocessing = 0;
		};
		06DEE03125161C6B002D3605 /* Frameworks */ = {
			isa = PBXFrameworksBuildPhase;
			buildActionMask = 2147483647;
			files = (
				0610A45E25E2EAD100B4E3D4 /* KeyboardShortcuts in Frameworks */,
				069B9931276BC7AB00929ED9 /* Sparkle in Frameworks */,
			);
			runOnlyForDeploymentPostprocessing = 0;
		};
/* End PBXFrameworksBuildPhase section */

/* Begin PBXGroup section */
		06131F1C2518C9A6003159AA /* GitimojiAutoLaunchHelper */ = {
			isa = PBXGroup;
			children = (
				06131F1D2518C9A6003159AA /* AppDelegate.swift */,
				06131F212518C9B3003159AA /* Assets.xcassets */,
				06131F232518C9B3003159AA /* Main.storyboard */,
				06131F262518C9B3003159AA /* Info.plist */,
				06131F272518C9B3003159AA /* GitimojiAutoLaunchHelper.entitlements */,
			);
			path = GitimojiAutoLaunchHelper;
			sourceTree = "<group>";
		};
		0658287E2518D4CA000557C3 /* Helpers */ = {
			isa = PBXGroup;
			children = (
				06DEE05825162E98002D3605 /* Pasteboard.swift */,
				0698526328DE26F000AA42F5 /* NSManagedObjectContext+executeAndMergeChanges.swift */,
			);
			path = Helpers;
			sourceTree = "<group>";
		};
		065828812518D599000557C3 /* Views */ = {
			isa = PBXGroup;
			children = (
				0658288E2518D696000557C3 /* EmojiRow.swift */,
				06C74029251A6687000B6E0A /* SettingsView.swift */,
				06DEE03925161C6B002D3605 /* ContentView.swift */,
			);
			path = Views;
			sourceTree = "<group>";
		};
		065828862518D604000557C3 /* ViewHelpers */ = {
			isa = PBXGroup;
			children = (
				065828872518D61D000557C3 /* EmojiCodeButtonStyle.swift */,
				0658289C2518E082000557C3 /* ActivityIndicator.swift */,
			);
			path = ViewHelpers;
			sourceTree = "<group>";
		};
		06767C31251659AD006BF915 /* Frameworks */ = {
			isa = PBXGroup;
			children = (
			);
			name = Frameworks;
			sourceTree = "<group>";
		};
		0698525928DE1E0000AA42F5 /* Services */ = {
			isa = PBXGroup;
			children = (
				0698525C28DE1E1E00AA42F5 /* SmartSearchMatcher.swift */,
				0698525A28DE1E0A00AA42F5 /* Searcher.swift */,
				069B9932276BC80700929ED9 /* Updater.swift */,
				06EAB16126764DA500B91BCE /* Networking.swift */,
				0698526128DE227300AA42F5 /* GitmojiFetcher.swift */,
				0643B0E326765D8600358B31 /* Persistence.swift */,
			);
			path = Services;
			sourceTree = "<group>";
		};
		0698525E28DE1E4100AA42F5 /* Models */ = {
			isa = PBXGroup;
			children = (
				0698525F28DE1E5700AA42F5 /* FetchState.swift */,
			);
			path = Models;
			sourceTree = "<group>";
		};
		069B9934276BD10E00929ED9 /* scripts */ = {
			isa = PBXGroup;
			children = (
				069B9935276BD12500929ED9 /* appcast.sh */,
			);
			path = scripts;
			sourceTree = "<group>";
		};
		06DEE02B25161C6B002D3605 = {
			isa = PBXGroup;
			children = (
				069B9936276BDF7300929ED9 /* appcast.xml */,
				069B9934276BD10E00929ED9 /* scripts */,
				06DEE03625161C6B002D3605 /* gitimoji */,
				06131F1C2518C9A6003159AA /* GitimojiAutoLaunchHelper */,
				06DEE03525161C6B002D3605 /* Products */,
				06767C31251659AD006BF915 /* Frameworks */,
			);
			sourceTree = "<group>";
		};
		06DEE03525161C6B002D3605 /* Products */ = {
			isa = PBXGroup;
			children = (
				06DEE03425161C6B002D3605 /* gitimoji.app */,
				06131F1B2518C9A6003159AA /* GitimojiAutoLaunchHelper.app */,
			);
			name = Products;
			sourceTree = "<group>";
		};
		06DEE03625161C6B002D3605 /* gitimoji */ = {
			isa = PBXGroup;
			children = (
				0698525E28DE1E4100AA42F5 /* Models */,
				0698525928DE1E0000AA42F5 /* Services */,
				065828862518D604000557C3 /* ViewHelpers */,
				065828812518D599000557C3 /* Views */,
				0658287E2518D4CA000557C3 /* Helpers */,
				06DEE03725161C6B002D3605 /* AppDelegate.swift */,
				0610A46325E2EB1600B4E3D4 /* Constants.swift */,
				06DEE03B25161C6D002D3605 /* Assets.xcassets */,
				06DEE04025161C6D002D3605 /* Main.storyboard */,
				06DEE04325161C6D002D3605 /* Info.plist */,
				06DEE04425161C6D002D3605 /* gitimoji.entitlements */,
				06DEE03D25161C6D002D3605 /* Preview Content */,
				06EAB16326765BD500B91BCE /* gitimoji.xcdatamodeld */,
			);
			path = gitimoji;
			sourceTree = "<group>";
		};
		06DEE03D25161C6D002D3605 /* Preview Content */ = {
			isa = PBXGroup;
			children = (
				06DEE03E25161C6D002D3605 /* Preview Assets.xcassets */,
			);
			path = "Preview Content";
			sourceTree = "<group>";
		};
/* End PBXGroup section */

/* Begin PBXNativeTarget section */
		06131F1A2518C9A6003159AA /* GitimojiAutoLaunchHelper */ = {
			isa = PBXNativeTarget;
			buildConfigurationList = 06131F282518C9B3003159AA /* Build configuration list for PBXNativeTarget "GitimojiAutoLaunchHelper" */;
			buildPhases = (
				06131F172518C9A6003159AA /* Sources */,
				06131F182518C9A6003159AA /* Frameworks */,
				06131F192518C9A6003159AA /* Resources */,
			);
			buildRules = (
			);
			dependencies = (
			);
			name = GitimojiAutoLaunchHelper;
			productName = GitimojiAutoLaunchHelper;
			productReference = 06131F1B2518C9A6003159AA /* GitimojiAutoLaunchHelper.app */;
			productType = "com.apple.product-type.application";
		};
		06DEE03325161C6B002D3605 /* gitimoji */ = {
			isa = PBXNativeTarget;
			buildConfigurationList = 06DEE04725161C6D002D3605 /* Build configuration list for PBXNativeTarget "gitimoji" */;
			buildPhases = (
				06DEE03025161C6B002D3605 /* Sources */,
				06DEE03125161C6B002D3605 /* Frameworks */,
				06DEE03225161C6B002D3605 /* Resources */,
				06131F2B2518CD6C003159AA /* CopyFiles */,
			);
			buildRules = (
			);
			dependencies = (
			);
			name = gitimoji;
			packageProductDependencies = (
				0610A45D25E2EAD100B4E3D4 /* KeyboardShortcuts */,
				069B9930276BC7AB00929ED9 /* Sparkle */,
			);
			productName = gitimoji;
			productReference = 06DEE03425161C6B002D3605 /* gitimoji.app */;
			productType = "com.apple.product-type.application";
		};
/* End PBXNativeTarget section */

/* Begin PBXProject section */
		06DEE02C25161C6B002D3605 /* Project object */ = {
			isa = PBXProject;
			attributes = {
				LastSwiftUpdateCheck = 1170;
				LastUpgradeCheck = 1400;
				TargetAttributes = {
					06131F1A2518C9A6003159AA = {
						CreatedOnToolsVersion = 11.7;
					};
					06DEE03325161C6B002D3605 = {
						CreatedOnToolsVersion = 12.0;
					};
				};
			};
			buildConfigurationList = 06DEE02F25161C6B002D3605 /* Build configuration list for PBXProject "gitimoji" */;
			compatibilityVersion = "Xcode 9.3";
			developmentRegion = en;
			hasScannedForEncodings = 0;
			knownRegions = (
				en,
				Base,
			);
			mainGroup = 06DEE02B25161C6B002D3605;
			packageReferences = (
				0610A45C25E2EAD100B4E3D4 /* XCRemoteSwiftPackageReference "KeyboardShortcuts" */,
				069B992F276BC7AB00929ED9 /* XCRemoteSwiftPackageReference "Sparkle" */,
			);
			productRefGroup = 06DEE03525161C6B002D3605 /* Products */;
			projectDirPath = "";
			projectRoot = "";
			targets = (
				06DEE03325161C6B002D3605 /* gitimoji */,
				06131F1A2518C9A6003159AA /* GitimojiAutoLaunchHelper */,
			);
		};
/* End PBXProject section */

/* Begin PBXResourcesBuildPhase section */
		06131F192518C9A6003159AA /* Resources */ = {
			isa = PBXResourcesBuildPhase;
			buildActionMask = 2147483647;
			files = (
				06131F222518C9B3003159AA /* Assets.xcassets in Resources */,
				06131F252518C9B3003159AA /* Main.storyboard in Resources */,
			);
			runOnlyForDeploymentPostprocessing = 0;
		};
		06DEE03225161C6B002D3605 /* Resources */ = {
			isa = PBXResourcesBuildPhase;
			buildActionMask = 2147483647;
			files = (
				06DEE04225161C6D002D3605 /* Main.storyboard in Resources */,
				06DEE03F25161C6D002D3605 /* Preview Assets.xcassets in Resources */,
				06DEE03C25161C6D002D3605 /* Assets.xcassets in Resources */,
			);
			runOnlyForDeploymentPostprocessing = 0;
		};
/* End PBXResourcesBuildPhase section */

/* Begin PBXSourcesBuildPhase section */
		06131F172518C9A6003159AA /* Sources */ = {
			isa = PBXSourcesBuildPhase;
			buildActionMask = 2147483647;
			files = (
				06131F1E2518C9A6003159AA /* AppDelegate.swift in Sources */,
			);
			runOnlyForDeploymentPostprocessing = 0;
		};
		06DEE03025161C6B002D3605 /* Sources */ = {
			isa = PBXSourcesBuildPhase;
			buildActionMask = 2147483647;
			files = (
				0698526228DE227300AA42F5 /* GitmojiFetcher.swift in Sources */,
				069B9933276BC80700929ED9 /* Updater.swift in Sources */,
				06DEE03A25161C6B002D3605 /* ContentView.swift in Sources */,
				0698525D28DE1E1E00AA42F5 /* SmartSearchMatcher.swift in Sources */,
				0643B0E426765D8600358B31 /* Persistence.swift in Sources */,
				06C7402A251A6687000B6E0A /* SettingsView.swift in Sources */,
				0698526428DE26F000AA42F5 /* NSManagedObjectContext+executeAndMergeChanges.swift in Sources */,
				06DEE05925162E98002D3605 /* Pasteboard.swift in Sources */,
				0698526028DE1E5700AA42F5 /* FetchState.swift in Sources */,
				0658289D2518E082000557C3 /* ActivityIndicator.swift in Sources */,
				06DEE03825161C6B002D3605 /* AppDelegate.swift in Sources */,
				0610A46425E2EB1600B4E3D4 /* Constants.swift in Sources */,
				0698525B28DE1E0A00AA42F5 /* Searcher.swift in Sources */,
				065828882518D61D000557C3 /* EmojiCodeButtonStyle.swift in Sources */,
				06EAB16526765BD500B91BCE /* gitimoji.xcdatamodeld in Sources */,
				0658288F2518D696000557C3 /* EmojiRow.swift in Sources */,
				06EAB16226764DA500B91BCE /* Networking.swift in Sources */,
			);
			runOnlyForDeploymentPostprocessing = 0;
		};
/* End PBXSourcesBuildPhase section */

/* Begin PBXVariantGroup section */
		06131F232518C9B3003159AA /* Main.storyboard */ = {
			isa = PBXVariantGroup;
			children = (
				06131F242518C9B3003159AA /* Base */,
			);
			name = Main.storyboard;
			sourceTree = "<group>";
		};
		06DEE04025161C6D002D3605 /* Main.storyboard */ = {
			isa = PBXVariantGroup;
			children = (
				06DEE04125161C6D002D3605 /* Base */,
			);
			name = Main.storyboard;
			sourceTree = "<group>";
		};
/* End PBXVariantGroup section */

/* Begin XCBuildConfiguration section */
		06131F292518C9B3003159AA /* Debug */ = {
			isa = XCBuildConfiguration;
			buildSettings = {
				ASSETCATALOG_COMPILER_APPICON_NAME = AppIcon;
				CODE_SIGN_ENTITLEMENTS = GitimojiAutoLaunchHelper/GitimojiAutoLaunchHelper.entitlements;
				CODE_SIGN_IDENTITY = "Developer ID Application: Timo Zacherl (V7ET8TF7ZR)";
				CODE_SIGN_STYLE = Manual;
				COMBINE_HIDPI_IMAGES = YES;
				CURRENT_PROJECT_VERSION = 3;
				DEAD_CODE_STRIPPING = YES;
				DEVELOPMENT_TEAM = V7ET8TF7ZR;
				"DEVELOPMENT_TEAM[sdk=macosx*]" = V7ET8TF7ZR;
				ENABLE_HARDENED_RUNTIME = YES;
				INFOPLIST_FILE = GitimojiAutoLaunchHelper/Info.plist;
				LD_RUNPATH_SEARCH_PATHS = (
					"$(inherited)",
					"@executable_path/../Frameworks",
				);
				MACOSX_DEPLOYMENT_TARGET = 12.0;
				PRODUCT_BUNDLE_IDENTIFIER = com.timozacherl.GitimojiAutoLaunchHelper;
				PRODUCT_NAME = "$(TARGET_NAME)";
				PROVISIONING_PROFILE_SPECIFIER = "";
				"PROVISIONING_PROFILE_SPECIFIER[sdk=macosx*]" = "";
				SKIP_INSTALL = YES;
				SWIFT_VERSION = 5.0;
			};
			name = Debug;
		};
		06131F2A2518C9B3003159AA /* Release */ = {
			isa = XCBuildConfiguration;
			buildSettings = {
				ASSETCATALOG_COMPILER_APPICON_NAME = AppIcon;
				CODE_SIGN_ENTITLEMENTS = GitimojiAutoLaunchHelper/GitimojiAutoLaunchHelper.entitlements;
				CODE_SIGN_IDENTITY = "Apple Development";
				CODE_SIGN_STYLE = Manual;
				COMBINE_HIDPI_IMAGES = YES;
				CURRENT_PROJECT_VERSION = 3;
				DEAD_CODE_STRIPPING = YES;
				DEVELOPMENT_TEAM = V7ET8TF7ZR;
				"DEVELOPMENT_TEAM[sdk=macosx*]" = V7ET8TF7ZR;
				ENABLE_HARDENED_RUNTIME = YES;
				INFOPLIST_FILE = GitimojiAutoLaunchHelper/Info.plist;
				LD_RUNPATH_SEARCH_PATHS = (
					"$(inherited)",
					"@executable_path/../Frameworks",
				);
				MACOSX_DEPLOYMENT_TARGET = 12.0;
				PRODUCT_BUNDLE_IDENTIFIER = com.timozacherl.GitimojiAutoLaunchHelper;
				PRODUCT_NAME = "$(TARGET_NAME)";
				PROVISIONING_PROFILE_SPECIFIER = "";
				"PROVISIONING_PROFILE_SPECIFIER[sdk=macosx*]" = "";
				SKIP_INSTALL = YES;
				SWIFT_VERSION = 5.0;
			};
			name = Release;
		};
		06DEE04525161C6D002D3605 /* Debug */ = {
			isa = XCBuildConfiguration;
			buildSettings = {
				ALWAYS_SEARCH_USER_PATHS = NO;
				CLANG_ANALYZER_NONNULL = YES;
				CLANG_ANALYZER_NUMBER_OBJECT_CONVERSION = YES_AGGRESSIVE;
				CLANG_CXX_LANGUAGE_STANDARD = "gnu++14";
				CLANG_CXX_LIBRARY = "libc++";
				CLANG_ENABLE_MODULES = YES;
				CLANG_ENABLE_OBJC_ARC = YES;
				CLANG_ENABLE_OBJC_WEAK = YES;
				CLANG_WARN_BLOCK_CAPTURE_AUTORELEASING = YES;
				CLANG_WARN_BOOL_CONVERSION = YES;
				CLANG_WARN_COMMA = YES;
				CLANG_WARN_CONSTANT_CONVERSION = YES;
				CLANG_WARN_DEPRECATED_OBJC_IMPLEMENTATIONS = YES;
				CLANG_WARN_DIRECT_OBJC_ISA_USAGE = YES_ERROR;
				CLANG_WARN_DOCUMENTATION_COMMENTS = YES;
				CLANG_WARN_EMPTY_BODY = YES;
				CLANG_WARN_ENUM_CONVERSION = YES;
				CLANG_WARN_INFINITE_RECURSION = YES;
				CLANG_WARN_INT_CONVERSION = YES;
				CLANG_WARN_NON_LITERAL_NULL_CONVERSION = YES;
				CLANG_WARN_OBJC_IMPLICIT_RETAIN_SELF = YES;
				CLANG_WARN_OBJC_LITERAL_CONVERSION = YES;
				CLANG_WARN_OBJC_ROOT_CLASS = YES_ERROR;
				CLANG_WARN_QUOTED_INCLUDE_IN_FRAMEWORK_HEADER = YES;
				CLANG_WARN_RANGE_LOOP_ANALYSIS = YES;
				CLANG_WARN_STRICT_PROTOTYPES = YES;
				CLANG_WARN_SUSPICIOUS_MOVE = YES;
				CLANG_WARN_UNGUARDED_AVAILABILITY = YES_AGGRESSIVE;
				CLANG_WARN_UNREACHABLE_CODE = YES;
				CLANG_WARN__DUPLICATE_METHOD_MATCH = YES;
				COPY_PHASE_STRIP = NO;
				DEAD_CODE_STRIPPING = YES;
				DEBUG_INFORMATION_FORMAT = dwarf;
				ENABLE_STRICT_OBJC_MSGSEND = YES;
				ENABLE_TESTABILITY = YES;
				GCC_C_LANGUAGE_STANDARD = gnu11;
				GCC_DYNAMIC_NO_PIC = NO;
				GCC_NO_COMMON_BLOCKS = YES;
				GCC_OPTIMIZATION_LEVEL = 0;
				GCC_PREPROCESSOR_DEFINITIONS = (
					"DEBUG=1",
					"$(inherited)",
				);
				GCC_WARN_64_TO_32_BIT_CONVERSION = YES;
				GCC_WARN_ABOUT_RETURN_TYPE = YES_ERROR;
				GCC_WARN_UNDECLARED_SELECTOR = YES;
				GCC_WARN_UNINITIALIZED_AUTOS = YES_AGGRESSIVE;
				GCC_WARN_UNUSED_FUNCTION = YES;
				GCC_WARN_UNUSED_VARIABLE = YES;
				MACOSX_DEPLOYMENT_TARGET = 12.0;
				MTL_ENABLE_DEBUG_INFO = INCLUDE_SOURCE;
				MTL_FAST_MATH = YES;
				ONLY_ACTIVE_ARCH = YES;
				SDKROOT = macosx;
				SWIFT_ACTIVE_COMPILATION_CONDITIONS = DEBUG;
				SWIFT_OPTIMIZATION_LEVEL = "-Onone";
			};
			name = Debug;
		};
		06DEE04625161C6D002D3605 /* Release */ = {
			isa = XCBuildConfiguration;
			buildSettings = {
				ALWAYS_SEARCH_USER_PATHS = NO;
				CLANG_ANALYZER_NONNULL = YES;
				CLANG_ANALYZER_NUMBER_OBJECT_CONVERSION = YES_AGGRESSIVE;
				CLANG_CXX_LANGUAGE_STANDARD = "gnu++14";
				CLANG_CXX_LIBRARY = "libc++";
				CLANG_ENABLE_MODULES = YES;
				CLANG_ENABLE_OBJC_ARC = YES;
				CLANG_ENABLE_OBJC_WEAK = YES;
				CLANG_WARN_BLOCK_CAPTURE_AUTORELEASING = YES;
				CLANG_WARN_BOOL_CONVERSION = YES;
				CLANG_WARN_COMMA = YES;
				CLANG_WARN_CONSTANT_CONVERSION = YES;
				CLANG_WARN_DEPRECATED_OBJC_IMPLEMENTATIONS = YES;
				CLANG_WARN_DIRECT_OBJC_ISA_USAGE = YES_ERROR;
				CLANG_WARN_DOCUMENTATION_COMMENTS = YES;
				CLANG_WARN_EMPTY_BODY = YES;
				CLANG_WARN_ENUM_CONVERSION = YES;
				CLANG_WARN_INFINITE_RECURSION = YES;
				CLANG_WARN_INT_CONVERSION = YES;
				CLANG_WARN_NON_LITERAL_NULL_CONVERSION = YES;
				CLANG_WARN_OBJC_IMPLICIT_RETAIN_SELF = YES;
				CLANG_WARN_OBJC_LITERAL_CONVERSION = YES;
				CLANG_WARN_OBJC_ROOT_CLASS = YES_ERROR;
				CLANG_WARN_QUOTED_INCLUDE_IN_FRAMEWORK_HEADER = YES;
				CLANG_WARN_RANGE_LOOP_ANALYSIS = YES;
				CLANG_WARN_STRICT_PROTOTYPES = YES;
				CLANG_WARN_SUSPICIOUS_MOVE = YES;
				CLANG_WARN_UNGUARDED_AVAILABILITY = YES_AGGRESSIVE;
				CLANG_WARN_UNREACHABLE_CODE = YES;
				CLANG_WARN__DUPLICATE_METHOD_MATCH = YES;
				COPY_PHASE_STRIP = NO;
				DEAD_CODE_STRIPPING = YES;
				DEBUG_INFORMATION_FORMAT = "dwarf-with-dsym";
				ENABLE_NS_ASSERTIONS = NO;
				ENABLE_STRICT_OBJC_MSGSEND = YES;
				GCC_C_LANGUAGE_STANDARD = gnu11;
				GCC_NO_COMMON_BLOCKS = YES;
				GCC_WARN_64_TO_32_BIT_CONVERSION = YES;
				GCC_WARN_ABOUT_RETURN_TYPE = YES_ERROR;
				GCC_WARN_UNDECLARED_SELECTOR = YES;
				GCC_WARN_UNINITIALIZED_AUTOS = YES_AGGRESSIVE;
				GCC_WARN_UNUSED_FUNCTION = YES;
				GCC_WARN_UNUSED_VARIABLE = YES;
				MACOSX_DEPLOYMENT_TARGET = 12.0;
				MTL_ENABLE_DEBUG_INFO = NO;
				MTL_FAST_MATH = YES;
				SDKROOT = macosx;
				SWIFT_COMPILATION_MODE = wholemodule;
				SWIFT_OPTIMIZATION_LEVEL = "-O";
			};
			name = Release;
		};
		06DEE04825161C6D002D3605 /* Debug */ = {
			isa = XCBuildConfiguration;
			buildSettings = {
				ASSETCATALOG_COMPILER_APPICON_NAME = AppIcon;
				ASSETCATALOG_COMPILER_GLOBAL_ACCENT_COLOR_NAME = AccentColor;
				CODE_SIGN_ENTITLEMENTS = gitimoji/gitimoji.entitlements;
				CODE_SIGN_IDENTITY = "Apple Development";
				"CODE_SIGN_IDENTITY[sdk=macosx*]" = "Developer ID Application";
				CODE_SIGN_STYLE = Manual;
				COMBINE_HIDPI_IMAGES = YES;
				CURRENT_PROJECT_VERSION = 3;
				DEAD_CODE_STRIPPING = YES;
				DEVELOPMENT_ASSET_PATHS = "\"gitimoji/Preview Content\"";
				DEVELOPMENT_TEAM = V7ET8TF7ZR;
				"DEVELOPMENT_TEAM[sdk=macosx*]" = V7ET8TF7ZR;
				ENABLE_HARDENED_RUNTIME = YES;
				ENABLE_PREVIEWS = YES;
				INFOPLIST_FILE = gitimoji/Info.plist;
				LD_RUNPATH_SEARCH_PATHS = (
					"$(inherited)",
					"@executable_path/../Frameworks",
				);
				MACOSX_DEPLOYMENT_TARGET = 12.0;
				MARKETING_VERSION = 1.2.3;
				PRODUCT_BUNDLE_IDENTIFIER = com.timozacherl.gitimoji;
				PRODUCT_NAME = "$(TARGET_NAME)";
				PROVISIONING_PROFILE_SPECIFIER = "Gitimoji Web Dist";
				"PROVISIONING_PROFILE_SPECIFIER[sdk=macosx*]" = "Gitimoji Web Dist";
				SWIFT_VERSION = 5.0;
			};
			name = Debug;
		};
		06DEE04925161C6D002D3605 /* Release */ = {
			isa = XCBuildConfiguration;
			buildSettings = {
				ASSETCATALOG_COMPILER_APPICON_NAME = AppIcon;
				ASSETCATALOG_COMPILER_GLOBAL_ACCENT_COLOR_NAME = AccentColor;
				CODE_SIGN_ENTITLEMENTS = gitimoji/gitimoji.entitlements;
				CODE_SIGN_IDENTITY = "Apple Development";
				"CODE_SIGN_IDENTITY[sdk=macosx*]" = "Developer ID Application";
				CODE_SIGN_STYLE = Manual;
				COMBINE_HIDPI_IMAGES = YES;
				CURRENT_PROJECT_VERSION = 3;
				DEAD_CODE_STRIPPING = YES;
				DEVELOPMENT_ASSET_PATHS = "\"gitimoji/Preview Content\"";
				DEVELOPMENT_TEAM = V7ET8TF7ZR;
				"DEVELOPMENT_TEAM[sdk=macosx*]" = V7ET8TF7ZR;
				ENABLE_HARDENED_RUNTIME = YES;
				ENABLE_PREVIEWS = YES;
				INFOPLIST_FILE = gitimoji/Info.plist;
				LD_RUNPATH_SEARCH_PATHS = (
					"$(inherited)",
					"@executable_path/../Frameworks",
				);
				MACOSX_DEPLOYMENT_TARGET = 12.0;
				MARKETING_VERSION = 1.2.3;
				PRODUCT_BUNDLE_IDENTIFIER = com.timozacherl.gitimoji;
				PRODUCT_NAME = "$(TARGET_NAME)";
				PROVISIONING_PROFILE_SPECIFIER = "Gitimoji Web Dist";
				"PROVISIONING_PROFILE_SPECIFIER[sdk=macosx*]" = "Gitimoji Web Dist";
				SWIFT_VERSION = 5.0;
			};
			name = Release;
		};
/* End XCBuildConfiguration section */

/* Begin XCConfigurationList section */
		06131F282518C9B3003159AA /* Build configuration list for PBXNativeTarget "GitimojiAutoLaunchHelper" */ = {
			isa = XCConfigurationList;
			buildConfigurations = (
				06131F292518C9B3003159AA /* Debug */,
				06131F2A2518C9B3003159AA /* Release */,
			);
			defaultConfigurationIsVisible = 0;
			defaultConfigurationName = Release;
		};
		06DEE02F25161C6B002D3605 /* Build configuration list for PBXProject "gitimoji" */ = {
			isa = XCConfigurationList;
			buildConfigurations = (
				06DEE04525161C6D002D3605 /* Debug */,
				06DEE04625161C6D002D3605 /* Release */,
			);
			defaultConfigurationIsVisible = 0;
			defaultConfigurationName = Release;
		};
		06DEE04725161C6D002D3605 /* Build configuration list for PBXNativeTarget "gitimoji" */ = {
			isa = XCConfigurationList;
			buildConfigurations = (
				06DEE04825161C6D002D3605 /* Debug */,
				06DEE04925161C6D002D3605 /* Release */,
			);
			defaultConfigurationIsVisible = 0;
			defaultConfigurationName = Release;
		};
/* End XCConfigurationList section */

/* Begin XCRemoteSwiftPackageReference section */
		0610A45C25E2EAD100B4E3D4 /* XCRemoteSwiftPackageReference "KeyboardShortcuts" */ = {
			isa = XCRemoteSwiftPackageReference;
			repositoryURL = "https://github.com/sindresorhus/KeyboardShortcuts";
			requirement = {
				kind = upToNextMajorVersion;
				minimumVersion = 1.7.2;
			};
		};
		069B992F276BC7AB00929ED9 /* XCRemoteSwiftPackageReference "Sparkle" */ = {
			isa = XCRemoteSwiftPackageReference;
			repositoryURL = "https://github.com/sparkle-project/Sparkle";
			requirement = {
				kind = upToNextMajorVersion;
				minimumVersion = 2.0.0;
			};
		};
/* End XCRemoteSwiftPackageReference section */

/* Begin XCSwiftPackageProductDependency section */
		0610A45D25E2EAD100B4E3D4 /* KeyboardShortcuts */ = {
			isa = XCSwiftPackageProductDependency;
			package = 0610A45C25E2EAD100B4E3D4 /* XCRemoteSwiftPackageReference "KeyboardShortcuts" */;
			productName = KeyboardShortcuts;
		};
		069B9930276BC7AB00929ED9 /* Sparkle */ = {
			isa = XCSwiftPackageProductDependency;
			package = 069B992F276BC7AB00929ED9 /* XCRemoteSwiftPackageReference "Sparkle" */;
			productName = Sparkle;
		};
/* End XCSwiftPackageProductDependency section */

/* Begin XCVersionGroup section */
		06EAB16326765BD500B91BCE /* gitimoji.xcdatamodeld */ = {
			isa = XCVersionGroup;
			children = (
				06EAB16426765BD500B91BCE /* gitimoji.xcdatamodel */,
			);
			currentVersion = 06EAB16426765BD500B91BCE /* gitimoji.xcdatamodel */;
			path = gitimoji.xcdatamodeld;
			sourceTree = "<group>";
			versionGroupType = wrapper.xcdatamodel;
		};
/* End XCVersionGroup section */
	};
	rootObject = 06DEE02C25161C6B002D3605 /* Project object */;
}
